
Microsoft Visual Studio Solution File, Format Version 12.00
# Visual Studio 2013
VisualStudioVersion = 12.0.30501.0
MinimumVisualStudioVersion = 10.0.40219.1
Project("{FAE04EC0-301F-11D3-BF4B-00C04F79EFBC}") = "Spine", "Spine\Spine.csproj", "{452C4DFD-AA11-4711-8A7F-1672EC0A0EFB}"
EndProject
Project("{FAE04EC0-301F-11D3-BF4B-00C04F79EFBC}") = "Spine.UnitTests", "Spine.UnitTests\Spine.UnitTests.csproj", "{45F698A7-ACF8-4C03-AD2F-AB6C6884C504}"
EndProject
Global
	GlobalSection(SolutionConfigurationPlatforms) = preSolution
		Debug|Any CPU = Debug|Any CPU
		Release|Any CPU = Release|Any CPU
	EndGlobalSection
	GlobalSection(ProjectConfigurationPlatforms) = postSolution
		{452C4DFD-AA11-4711-8A7F-1672EC0A0EFB}.Debug|Any CPU.ActiveCfg = Debug|Any CPU
		{452C4DFD-AA11-4711-8A7F-1672EC0A0EFB}.Debug|Any CPU.Build.0 = Debug|Any CPU
		{452C4DFD-AA11-4711-8A7F-1672EC0A0EFB}.Release|Any CPU.ActiveCfg = Release|Any CPU
		{452C4DFD-AA11-4711-8A7F-1672EC0A0EFB}.Release|Any CPU.Build.0 = Release|Any CPU
		{45F698A7-ACF8-4C03-AD2F-AB6C6884C504}.Debug|Any CPU.ActiveCfg = Debug|Any CPU
		{45F698A7-ACF8-4C03-AD2F-AB6C6884C504}.Debug|Any CPU.Build.0 = Debug|Any CPU
		{45F698A7-ACF8-4C03-AD2F-AB6C6884C504}.Release|Any CPU.ActiveCfg = Release|Any CPU
		{45F698A7-ACF8-4C03-AD2F-AB6C6884C504}.Release|Any CPU.Build.0 = Release|Any CPU
	EndGlobalSection
	GlobalSection(SolutionProperties) = preSolution
		HideSolutionNode = FALSE
	EndGlobalSection
EndGlobal
